// !$*UTF8*$!
{archiveVersion = 1; classes = {}; objectVersion = 56; objects = {
FEC3BCE1E2EA3D8245E95A80 = {isa = PBXFileReference; lastKnownFileType = sourcecode.swift; path = "Core/Catalog.swift"; sourceTree = "<group>";};
BDDB0BC58C66C80C5F7F8E2E = {isa = PBXBuildFile; fileRef = FEC3BCE1E2EA3D8245E95A80;};
8F5FC9577FE49365D51B70D3 = {isa = PBXFileReference; lastKnownFileType = sourcecode.swift; path = "Core/Health.swift"; sourceTree = "<group>";};
72E8671A5481D02E3C2B1454 = {isa = PBXBuildFile; fileRef = 8F5FC9577FE49365D51B70D3;};
3A0F2ACB98131C075270FA88 = {isa = PBXFileReference; lastKnownFileType = sourcecode.swift; path = "Core/MedicationHistory.swift"; sourceTree = "<group>";};
C724E130C0AD3FE4A1265DAC = {isa = PBXBuildFile; fileRef = 3A0F2ACB98131C075270FA88;};
E2A357A35D6089D818A2411D = {isa = PBXFileReference; lastKnownFileType = sourcecode.swift; path = "Core/Models.swift"; sourceTree = "<group>";};
8DAEA6A3A34B7B9C8E55EB45 = {isa = PBXBuildFile; fileRef = E2A357A35D6089D818A2411D;};
334825E02EB6341B0AE28D1F = {isa = PBXFileReference; lastKnownFileType = sourcecode.swift; path = "Core/PDFRenderer.swift"; sourceTree = "<group>";};
BD54049B7C3D77800C5E30BD = {isa = PBXBuildFile; fileRef = 334825E02EB6341B0AE28D1F;};
8E2C8FAF2FEB3A22322A54BD = {isa = PBXFileReference; lastKnownFileType = sourcecode.swift; path = "Core/Persistence.swift"; sourceTree = "<group>";};
990036AC06C8B3566A5ACF5B = {isa = PBXBuildFile; fileRef = 8E2C8FAF2FEB3A22322A54BD;};
E11FD2923A103793E28ED20D = {isa = PBXFileReference; lastKnownFileType = sourcecode.swift; path = "Core/Report.swift"; sourceTree = "<group>";};
BD6D4204523D8D71D1995BE8 = {isa = PBXBuildFile; fileRef = E11FD2923A103793E28ED20D;};
D34FC691A62FC493D6A4C784 = {isa = PBXFileReference; lastKnownFileType = sourcecode.swift; path = "Core/Scheduling.swift"; sourceTree = "<group>";};
43AC50F7CBFD6382DDC1B8FC = {isa = PBXBuildFile; fileRef = D34FC691A62FC493D6A4C784;};
9470F2E809479FFB5AF06F78 = {isa = PBXFileReference; lastKnownFileType = sourcecode.swift; path = "Core/Strava.swift"; sourceTree = "<group>";};
2EDAE7C952DBB5DBC2AA66D6 = {isa = PBXBuildFile; fileRef = 9470F2E809479FFB5AF06F78;};
0FE6A5D0766EAC2DDA72D669 = {isa = PBXFileReference; lastKnownFileType = sourcecode.swift; path = "Core/WatchMessages.swift"; sourceTree = "<group>";};
8A0D03D963253B959AFBE5F9 = {isa = PBXBuildFile; fileRef = 0FE6A5D0766EAC2DDA72D669;};
7766E983CFEBCF0437614978 = {isa = PBXFileReference; lastKnownFileType = sourcecode.swift; path = "App/AppStore.swift"; sourceTree = "<group>";};
45977D1C323B6EE23ACC21BE = {isa = PBXBuildFile; fileRef = 7766E983CFEBCF0437614978;};
00F29B9517CA23364D7A6597 = {isa = PBXFileReference; lastKnownFileType = sourcecode.swift; path = "App/CaptureForms.swift"; sourceTree = "<group>";};
6ECA095F05B9DC115B47AFCE = {isa = PBXBuildFile; fileRef = 00F29B9517CA23364D7A6597;};
7CE1EBC417C85AED04201B12 = {isa = PBXFileReference; lastKnownFileType = sourcecode.swift; path = "App/CareView.swift"; sourceTree = "<group>";};
DC843F91C334F959F2824C33 = {isa = PBXBuildFile; fileRef = 7CE1EBC417C85AED04201B12;};
4FD30BA9B8C5C08A656E7C67 = {isa = PBXFileReference; lastKnownFileType = sourcecode.swift; path = "App/DemoData.swift"; sourceTree = "<group>";};
8FD6DCEEE49318B6ADAE488E = {isa = PBXBuildFile; fileRef = 4FD30BA9B8C5C08A656E7C67;};
149D3C13EEE7D9A223C310C3 = {isa = PBXFileReference; lastKnownFileType = sourcecode.swift; path = "App/Design.swift"; sourceTree = "<group>";};
DEE97817C50D091D1DA63CBF = {isa = PBXBuildFile; fileRef = 149D3C13EEE7D9A223C310C3;};
0A4C4CFC013A4E090413C1FD = {isa = PBXFileReference; lastKnownFileType = sourcecode.swift; path = "App/HealthService.swift"; sourceTree = "<group>";};
1804C2C8784FF3699A198B53 = {isa = PBXBuildFile; fileRef = 0A4C4CFC013A4E090413C1FD;};
2BD1A5CFF660F1EECCF1CA77 = {isa = PBXFileReference; lastKnownFileType = sourcecode.swift; path = "App/HealthViews.swift"; sourceTree = "<group>";};
DD524782C3010DB753595B44 = {isa = PBXBuildFile; fileRef = 2BD1A5CFF660F1EECCF1CA77;};
94C5B7231C17D213BEF2DDB1 = {isa = PBXFileReference; lastKnownFileType = sourcecode.swift; path = "App/JournalView.swift"; sourceTree = "<group>";};
FD02EBA6B6D561B60A9ECA33 = {isa = PBXBuildFile; fileRef = 94C5B7231C17D213BEF2DDB1;};
F42D0F687047AB936F058C7D = {isa = PBXFileReference; lastKnownFileType = sourcecode.swift; path = "App/MedicationViews.swift"; sourceTree = "<group>";};
8C490944026610D29F2633F7 = {isa = PBXBuildFile; fileRef = F42D0F687047AB936F058C7D;};
3A39507743F3DF8BF114BA94 = {isa = PBXFileReference; lastKnownFileType = sourcecode.swift; path = "App/NotesViews.swift"; sourceTree = "<group>";};
713F07241AE33C8F5F37FBA7 = {isa = PBXBuildFile; fileRef = 3A39507743F3DF8BF114BA94;};
5F7AE5063661F2E8E56B2F97 = {isa = PBXFileReference; lastKnownFileType = sourcecode.swift; path = "App/NotificationService.swift"; sourceTree = "<group>";};
1D698CAB4E448E72B0A54A30 = {isa = PBXBuildFile; fileRef = 5F7AE5063661F2E8E56B2F97;};
4EB9E4CB780A0B70BFB9782D = {isa = PBXFileReference; lastKnownFileType = sourcecode.swift; path = "App/PhoneWatchBridge.swift"; sourceTree = "<group>";};
A51EEACCA7876075BC80605B = {isa = PBXBuildFile; fileRef = 4EB9E4CB780A0B70BFB9782D;};
292C470B9C7962D41BF4A259 = {isa = PBXFileReference; lastKnownFileType = sourcecode.swift; path = "App/ReportView.swift"; sourceTree = "<group>";};
5CCC3C3230F4C79C1EB3EDC6 = {isa = PBXBuildFile; fileRef = 292C470B9C7962D41BF4A259;};
F499F78180BFBC467A0E27B8 = {isa = PBXFileReference; lastKnownFileType = sourcecode.swift; path = "App/SettingsView.swift"; sourceTree = "<group>";};
C733C6442A281599567C6C83 = {isa = PBXBuildFile; fileRef = F499F78180BFBC467A0E27B8;};
06A1598B589D40C56066B5F4 = {isa = PBXFileReference; lastKnownFileType = sourcecode.swift; path = "App/StravaService.swift"; sourceTree = "<group>";};
1B447D0D5234E5244E7692BD = {isa = PBXBuildFile; fileRef = 06A1598B589D40C56066B5F4;};
27D0C4AF175F486D40F071AE = {isa = PBXFileReference; lastKnownFileType = sourcecode.swift; path = "App/SymptoPageApp.swift"; sourceTree = "<group>";};
67BCC348C82932A162E5AF93 = {isa = PBXBuildFile; fileRef = 27D0C4AF175F486D40F071AE;};
3B8CD49EAD8D18307FF76C07 = {isa = PBXFileReference; lastKnownFileType = sourcecode.swift; path = "App/TodayView.swift"; sourceTree = "<group>";};
833801509D03A5421E74453B = {isa = PBXBuildFile; fileRef = 3B8CD49EAD8D18307FF76C07;};
476980B668A3D336AC57EFED = {isa = PBXFileReference; lastKnownFileType = sourcecode.swift; path = "App/TrendViews.swift"; sourceTree = "<group>";};
DCC93EDF1891E973E2E9FC9F = {isa = PBXBuildFile; fileRef = 476980B668A3D336AC57EFED;};
E06D3E9912B05B5BE34C6B6B = {isa = PBXFileReference; lastKnownFileType = sourcecode.swift; path = "App/WelcomeView.swift"; sourceTree = "<group>";};
33C0968477F56D51C6F5CD76 = {isa = PBXBuildFile; fileRef = E06D3E9912B05B5BE34C6B6B;};
C06CEA697448DC90D476DF1E = {isa = PBXFileReference; lastKnownFileType = sourcecode.swift; path = "UITests/SymptoPageUITests.swift"; sourceTree = "<group>";};
3825791B1A7F52C7BD383E21 = {isa = PBXBuildFile; fileRef = C06CEA697448DC90D476DF1E;};
B2B50B7D96CBD19B6A1401D5 = {isa = PBXBuildFile; fileRef = FEC3BCE1E2EA3D8245E95A80;};
C930413017543F3AB89BE34C = {isa = PBXBuildFile; fileRef = E2A357A35D6089D818A2411D;};
50ECDEC482F6F71D6EA297A4 = {isa = PBXBuildFile; fileRef = 3A0F2ACB98131C075270FA88;};
0EE01799F90402A544424168 = {isa = PBXBuildFile; fileRef = D34FC691A62FC493D6A4C784;};
1822F7752D50260AF4CCBD13 = {isa = PBXBuildFile; fileRef = 8F5FC9577FE49365D51B70D3;};
FC9008C93152066F9FF6DDF3 = {isa = PBXBuildFile; fileRef = 0FE6A5D0766EAC2DDA72D669;};
D03FCCEFAC6082F967502B24 = {isa = PBXBuildFile; fileRef = 8E2C8FAF2FEB3A22322A54BD;};
08CDF287BBD09D27667D7F30 = {isa = PBXFileReference; lastKnownFileType = sourcecode.swift; path = "Watch/SymptoPageWatchApp.swift"; sourceTree = "<group>";};
91160E902F5A3B98DEA8B783 = {isa = PBXBuildFile; fileRef = 08CDF287BBD09D27667D7F30;};
7F83236265E7A47EAC6F6218 = {isa = PBXFileReference; lastKnownFileType = sourcecode.swift; path = "Watch/WatchStore.swift"; sourceTree = "<group>";};
2CF2F1A5E4704695E056A263 = {isa = PBXBuildFile; fileRef = 7F83236265E7A47EAC6F6218;};
31AF4E04AB3AF6A62EF76B45 = {isa = PBXFileReference; lastKnownFileType = sourcecode.swift; path = "Watch/WatchViews.swift"; sourceTree = "<group>";};
57DAC0AFE77D91BE1B765732 = {isa = PBXBuildFile; fileRef = 31AF4E04AB3AF6A62EF76B45;};
0D132C40DA4D08190B040F62 = {isa = PBXFileReference; lastKnownFileType = folder.assetcatalog; path = "App/Resources/Assets.xcassets"; sourceTree = "<group>";};
C9BAD785196607A203C80396 = {isa = PBXBuildFile; fileRef = 0D132C40DA4D08190B040F62;};
05BF90643B77101241AD2297 = {isa = PBXFileReference; lastKnownFileType = text.xml; path = "App/Resources/PrivacyInfo.xcprivacy"; sourceTree = "<group>";};
A1FE59B8CD7198E92E4EE5AC = {isa = PBXBuildFile; fileRef = 05BF90643B77101241AD2297;};
32E66EC466491C8CBF4BA40C = {isa = PBXFileReference; lastKnownFileType = file; path = "App/Resources/Fonts/Manrope-Bold.ttf"; sourceTree = "<group>";};
8CA459EBBC563EAAEA6CAE96 = {isa = PBXBuildFile; fileRef = 32E66EC466491C8CBF4BA40C;};
461AAD019904E44E21FF0368 = {isa = PBXFileReference; lastKnownFileType = file; path = "App/Resources/Fonts/Manrope-ExtraBold.ttf"; sourceTree = "<group>";};
80A7572184024860DF7EF597 = {isa = PBXBuildFile; fileRef = 461AAD019904E44E21FF0368;};
EDAE6F9FAE4B8536399BDFCC = {isa = PBXFileReference; lastKnownFileType = file; path = "App/Resources/Fonts/Manrope-Regular.ttf"; sourceTree = "<group>";};
593D781C27F8DC8C040A80E6 = {isa = PBXBuildFile; fileRef = EDAE6F9FAE4B8536399BDFCC;};
D9974379E435779F0DC7BC73 = {isa = PBXFileReference; lastKnownFileType = file; path = "App/Resources/Fonts/Manrope-SemiBold.ttf"; sourceTree = "<group>";};
B7FBD5924064650A59189FEE = {isa = PBXBuildFile; fileRef = D9974379E435779F0DC7BC73;};
6F1FD93CEA59AA8DF3ECE2A4 = {isa = PBXFileReference; lastKnownFileType = folder.assetcatalog; path = "Watch/Assets.xcassets"; sourceTree = "<group>";};
323E912B5663B5BB22C2BBCD = {isa = PBXBuildFile; fileRef = 6F1FD93CEA59AA8DF3ECE2A4;};
6DB7C57E6EBB9782752A300E = {isa = PBXBuildFile; fileRef = 32E66EC466491C8CBF4BA40C;};
EAFCA89511C39DC27FC1C894 = {isa = PBXBuildFile; fileRef = 461AAD019904E44E21FF0368;};
283383D09368B597DED116A2 = {isa = PBXBuildFile; fileRef = EDAE6F9FAE4B8536399BDFCC;};
15F15B791C19647C8BC15402 = {isa = PBXBuildFile; fileRef = D9974379E435779F0DC7BC73;};
909F32C19ADDA235C8F6BE24 = {isa = PBXFileReference; lastKnownFileType = text.plist; path = "Configuration/iOS-Info.plist"; sourceTree = "<group>";};
93879277CB4388B5793985D9 = {isa = PBXFileReference; lastKnownFileType = text.plist; path = "Configuration/Watch-Info.plist"; sourceTree = "<group>";};
1231B8E22098AD2D2DA0738D = {isa = PBXFileReference; lastKnownFileType = text.plist.entitlements; path = "Configuration/HealthKit.entitlements"; sourceTree = "<group>";};
8BCD5BC4CDFDF0918087C782 = {isa = PBXFileReference; explicitFileType = wrapper.application; path = SymptoPage.app; sourceTree = BUILT_PRODUCTS_DIR;};
614A1117CB513D376F64C89D = {isa = PBXFileReference; explicitFileType = wrapper.application; includeInIndex = 0; path = SymptoPageWatch.app; sourceTree = BUILT_PRODUCTS_DIR;};
F219C0274590DA45E4BEF1EA = {isa = PBXFileReference; explicitFileType = wrapper.cfbundle; path = SymptoPageUITests.xctest; sourceTree = BUILT_PRODUCTS_DIR;};
FBDC4F23F93125BBEEAE800C = {isa = PBXGroup; children = (8BCD5BC4CDFDF0918087C782, 614A1117CB513D376F64C89D, F219C0274590DA45E4BEF1EA,); name = Products; sourceTree = "<group>";};
B28B7AF69320201D1CF206EB = {isa = PBXGroup; children = (FEC3BCE1E2EA3D8245E95A80, 8F5FC9577FE49365D51B70D3, 3A0F2ACB98131C075270FA88, E2A357A35D6089D818A2411D, 334825E02EB6341B0AE28D1F, 8E2C8FAF2FEB3A22322A54BD, E11FD2923A103793E28ED20D, D34FC691A62FC493D6A4C784, 9470F2E809479FFB5AF06F78, 0FE6A5D0766EAC2DDA72D669, 7766E983CFEBCF0437614978, 00F29B9517CA23364D7A6597, 7CE1EBC417C85AED04201B12, 4FD30BA9B8C5C08A656E7C67, 149D3C13EEE7D9A223C310C3, 0A4C4CFC013A4E090413C1FD, 2BD1A5CFF660F1EECCF1CA77, 94C5B7231C17D213BEF2DDB1, F42D0F687047AB936F058C7D, 3A39507743F3DF8BF114BA94, 5F7AE5063661F2E8E56B2F97, 4EB9E4CB780A0B70BFB9782D, 292C470B9C7962D41BF4A259, F499F78180BFBC467A0E27B8, 06A1598B589D40C56066B5F4, 27D0C4AF175F486D40F071AE, 3B8CD49EAD8D18307FF76C07, 476980B668A3D336AC57EFED, E06D3E9912B05B5BE34C6B6B, C06CEA697448DC90D476DF1E, 08CDF287BBD09D27667D7F30, 7F83236265E7A47EAC6F6218, 31AF4E04AB3AF6A62EF76B45, 0D132C40DA4D08190B040F62, 05BF90643B77101241AD2297, 32E66EC466491C8CBF4BA40C, 461AAD019904E44E21FF0368, EDAE6F9FAE4B8536399BDFCC, D9974379E435779F0DC7BC73, 6F1FD93CEA59AA8DF3ECE2A4, 909F32C19ADDA235C8F6BE24, 93879277CB4388B5793985D9, 1231B8E22098AD2D2DA0738D, FBDC4F23F93125BBEEAE800C,); sourceTree = "<group>";};
BCE16DD0260827ECF338C787 = {isa = PBXSourcesBuildPhase; buildActionMask = 2147483647; files = (BDDB0BC58C66C80C5F7F8E2E, 72E8671A5481D02E3C2B1454, C724E130C0AD3FE4A1265DAC, 8DAEA6A3A34B7B9C8E55EB45, BD54049B7C3D77800C5E30BD, 990036AC06C8B3566A5ACF5B, BD6D4204523D8D71D1995BE8, 43AC50F7CBFD6382DDC1B8FC, 2EDAE7C952DBB5DBC2AA66D6, 8A0D03D963253B959AFBE5F9, 45977D1C323B6EE23ACC21BE, 6ECA095F05B9DC115B47AFCE, DC843F91C334F959F2824C33, 8FD6DCEEE49318B6ADAE488E, DEE97817C50D091D1DA63CBF, 1804C2C8784FF3699A198B53, DD524782C3010DB753595B44, FD02EBA6B6D561B60A9ECA33, 8C490944026610D29F2633F7, 713F07241AE33C8F5F37FBA7, 1D698CAB4E448E72B0A54A30, A51EEACCA7876075BC80605B, 5CCC3C3230F4C79C1EB3EDC6, C733C6442A281599567C6C83, 1B447D0D5234E5244E7692BD, 67BCC348C82932A162E5AF93, 833801509D03A5421E74453B, DCC93EDF1891E973E2E9FC9F, 33C0968477F56D51C6F5CD76,); runOnlyForDeploymentPostprocessing = 0;};
0189424A5A60FED329FA868E = {isa = PBXResourcesBuildPhase; buildActionMask = 2147483647; files = (C9BAD785196607A203C80396, A1FE59B8CD7198E92E4EE5AC, 8CA459EBBC563EAAEA6CAE96, 80A7572184024860DF7EF597, 593D781C27F8DC8C040A80E6, B7FBD5924064650A59189FEE,); runOnlyForDeploymentPostprocessing = 0;};
7561BFB015D8F536760CB671 = {isa = PBXFrameworksBuildPhase; buildActionMask = 2147483647; files = (); runOnlyForDeploymentPostprocessing = 0;};
6E431EB0650617AA1756B320 = {isa = PBXSourcesBuildPhase; buildActionMask = 2147483647; files = (3825791B1A7F52C7BD383E21,); runOnlyForDeploymentPostprocessing = 0;};
1ABF84E55BD30AC2CEF8FC42 = {isa = PBXFrameworksBuildPhase; buildActionMask = 2147483647; files = (); runOnlyForDeploymentPostprocessing = 0;};
E56FF68A2B36DFD3D1FBB22B = {isa = PBXSourcesBuildPhase; buildActionMask = 2147483647; files = (B2B50B7D96CBD19B6A1401D5, C930413017543F3AB89BE34C, 50ECDEC482F6F71D6EA297A4, 0EE01799F90402A544424168, 1822F7752D50260AF4CCBD13, FC9008C93152066F9FF6DDF3, D03FCCEFAC6082F967502B24, 91160E902F5A3B98DEA8B783, 2CF2F1A5E4704695E056A263, 57DAC0AFE77D91BE1B765732,); runOnlyForDeploymentPostprocessing = 0;};
00624C4012D32A52F8EF3750 = {isa = PBXResourcesBuildPhase; buildActionMask = 2147483647; files = (323E912B5663B5BB22C2BBCD, 6DB7C57E6EBB9782752A300E, EAFCA89511C39DC27FC1C894, 283383D09368B597DED116A2, 15F15B791C19647C8BC15402,); runOnlyForDeploymentPostprocessing = 0;};
37788811B4308D13AAA59AD3 = {isa = PBXFrameworksBuildPhase; buildActionMask = 2147483647; files = (); runOnlyForDeploymentPostprocessing = 0;};
D49869C1B0C6D737D947C5AE = {isa = PBXBuildFile; fileRef = 614A1117CB513D376F64C89D; settings = {ATTRIBUTES = (RemoveHeadersOnCopy, ); };};
E4502F7D0BDD3832B56BECE5 = {isa = PBXCopyFilesBuildPhase; buildActionMask = 2147483647; dstPath = "$(CONTENTS_FOLDER_PATH)/Watch"; dstSubfolderSpec = 16; files = (D49869C1B0C6D737D947C5AE,); name = "Embed Watch Content"; runOnlyForDeploymentPostprocessing = 0;};
89E1FD6268CC0F221A2BE178 = {isa = XCBuildConfiguration; buildSettings = {APP_BUNDLE_ID = "app.symptopage.ios"; STRAVA_CLIENT_ID = ""; STRAVA_TOKEN_URL = ""; IPHONEOS_DEPLOYMENT_TARGET = "17.0"; SDKROOT = "iphoneos"; SWIFT_VERSION = "5.0"; CLANG_ENABLE_MODULES = "YES"; TARGETED_DEVICE_FAMILY = "1,2"; SUPPORTED_PLATFORMS = "iphoneos iphonesimulator"; SUPPORTS_MACCATALYST = "NO"; CODE_SIGN_STYLE = "Automatic"; SWIFT_OPTIMIZATION_LEVEL = "-Onone"; SWIFT_ACTIVE_COMPILATION_CONDITIONS = "DEBUG";}; name = Debug;};
E6DE6C99132752C914FEF632 = {isa = XCBuildConfiguration; buildSettings = {APP_BUNDLE_ID = "app.symptopage.ios"; STRAVA_CLIENT_ID = ""; STRAVA_TOKEN_URL = ""; IPHONEOS_DEPLOYMENT_TARGET = "17.0"; SDKROOT = "iphoneos"; SWIFT_VERSION = "5.0"; CLANG_ENABLE_MODULES = "YES"; TARGETED_DEVICE_FAMILY = "1,2"; SUPPORTED_PLATFORMS = "iphoneos iphonesimulator"; SUPPORTS_MACCATALYST = "NO"; CODE_SIGN_STYLE = "Automatic"; SWIFT_OPTIMIZATION_LEVEL = "-O";}; name = Release;};
41A2CC2D5321B7BB2E956CA5 = {isa = XCConfigurationList; buildConfigurations = (89E1FD6268CC0F221A2BE178, E6DE6C99132752C914FEF632,); defaultConfigurationIsVisible = 0; defaultConfigurationName = Release;};
E9B2E96ABC5F6856F2BE79CF = {isa = XCBuildConfiguration; buildSettings = {PRODUCT_BUNDLE_IDENTIFIER = "$(APP_BUNDLE_ID)"; PRODUCT_NAME = "SymptoPage"; GENERATE_INFOPLIST_FILE = "YES"; INFOPLIST_KEY_CFBundleDisplayName = "SymptoPage"; INFOPLIST_FILE = "Configuration/iOS-Info.plist"; INFOPLIST_KEY_UIApplicationSceneManifest_Generation = "YES"; INFOPLIST_KEY_UISupportedInterfaceOrientations_iPhone = "UIInterfaceOrientationPortrait UIInterfaceOrientationLandscapeLeft UIInterfaceOrientationLandscapeRight"; INFOPLIST_KEY_UISupportedInterfaceOrientations_iPad = "UIInterfaceOrientationPortrait UIInterfaceOrientationPortraitUpsideDown UIInterfaceOrientationLandscapeLeft UIInterfaceOrientationLandscapeRight"; MARKETING_VERSION = "0.8.0"; CURRENT_PROJECT_VERSION = "5"; CODE_SIGN_ENTITLEMENTS = "Configuration/HealthKit.entitlements"; INFOPLIST_KEY_NSHealthShareUsageDescription = "SymptoPage reads heart rate, resting heart rate, HRV, steps, sleep and workouts to add them to your visit report. Nothing is written to Health. / SymptoPage odczytuje t\u0119tno, t\u0119tno spoczynkowe, HRV, kroki, sen i treningi, aby doda\u0107 je do raportu na wizyt\u0119. Nic nie jest zapisywane w Zdrowiu."; ASSETCATALOG_COMPILER_APPICON_NAME = "AppIcon"; ENABLE_PREVIEWS = "YES"; LD_RUNPATH_SEARCH_PATHS = "$(inherited) @executable_path/Frameworks"; SWIFT_OPTIMIZATION_LEVEL = "-Onone"; SWIFT_ACTIVE_COMPILATION_CONDITIONS = "DEBUG";}; name = Debug;};
5A8C91857F674E16E2724F47 = {isa = XCBuildConfiguration; buildSettings = {PRODUCT_BUNDLE_IDENTIFIER = "$(APP_BUNDLE_ID)"; PRODUCT_NAME = "SymptoPage"; GENERATE_INFOPLIST_FILE = "YES"; INFOPLIST_KEY_CFBundleDisplayName = "SymptoPage"; INFOPLIST_FILE = "Configuration/iOS-Info.plist"; INFOPLIST_KEY_UIApplicationSceneManifest_Generation = "YES"; INFOPLIST_KEY_UISupportedInterfaceOrientations_iPhone = "UIInterfaceOrientationPortrait UIInterfaceOrientationLandscapeLeft UIInterfaceOrientationLandscapeRight"; INFOPLIST_KEY_UISupportedInterfaceOrientations_iPad = "UIInterfaceOrientationPortrait UIInterfaceOrientationPortraitUpsideDown UIInterfaceOrientationLandscapeLeft UIInterfaceOrientationLandscapeRight"; MARKETING_VERSION = "0.8.0"; CURRENT_PROJECT_VERSION = "5"; CODE_SIGN_ENTITLEMENTS = "Configuration/HealthKit.entitlements"; INFOPLIST_KEY_NSHealthShareUsageDescription = "SymptoPage reads heart rate, resting heart rate, HRV, steps, sleep and workouts to add them to your visit report. Nothing is written to Health. / SymptoPage odczytuje t\u0119tno, t\u0119tno spoczynkowe, HRV, kroki, sen i treningi, aby doda\u0107 je do raportu na wizyt\u0119. Nic nie jest zapisywane w Zdrowiu."; ASSETCATALOG_COMPILER_APPICON_NAME = "AppIcon"; ENABLE_PREVIEWS = "YES"; LD_RUNPATH_SEARCH_PATHS = "$(inherited) @executable_path/Frameworks"; SWIFT_OPTIMIZATION_LEVEL = "-O";}; name = Release;};
A296CF4B7E708AB4E80076A9 = {isa = XCConfigurationList; buildConfigurations = (E9B2E96ABC5F6856F2BE79CF, 5A8C91857F674E16E2724F47,); defaultConfigurationIsVisible = 0; defaultConfigurationName = Release;};
B855F593E7E53B3F417B1A82 = {isa = XCBuildConfiguration; buildSettings = {PRODUCT_BUNDLE_IDENTIFIER = "$(APP_BUNDLE_ID).watchkitapp"; PRODUCT_NAME = "SymptoPageWatch"; SDKROOT = "watchos"; SUPPORTED_PLATFORMS = "watchos watchsimulator"; TARGETED_DEVICE_FAMILY = "4"; WATCHOS_DEPLOYMENT_TARGET = "10.0"; INFOPLIST_FILE = "Configuration/Watch-Info.plist"; GENERATE_INFOPLIST_FILE = "NO"; CODE_SIGN_ENTITLEMENTS = "Configuration/HealthKit.entitlements"; ASSETCATALOG_COMPILER_APPICON_NAME = "AppIcon"; SKIP_INSTALL = "YES"; MARKETING_VERSION = "0.8.0"; CURRENT_PROJECT_VERSION = "5"; LD_RUNPATH_SEARCH_PATHS = "$(inherited) @executable_path/Frameworks"; ENABLE_PREVIEWS = "YES"; SWIFT_OPTIMIZATION_LEVEL = "-Onone"; SWIFT_ACTIVE_COMPILATION_CONDITIONS = "DEBUG";}; name = Debug;};
9FB40F81649242ADD5A99310 = {isa = XCBuildConfiguration; buildSettings = {PRODUCT_BUNDLE_IDENTIFIER = "$(APP_BUNDLE_ID).watchkitapp"; PRODUCT_NAME = "SymptoPageWatch"; SDKROOT = "watchos"; SUPPORTED_PLATFORMS = "watchos watchsimulator"; TARGETED_DEVICE_FAMILY = "4"; WATCHOS_DEPLOYMENT_TARGET = "10.0"; INFOPLIST_FILE = "Configuration/Watch-Info.plist"; GENERATE_INFOPLIST_FILE = "NO"; CODE_SIGN_ENTITLEMENTS = "Configuration/HealthKit.entitlements"; ASSETCATALOG_COMPILER_APPICON_NAME = "AppIcon"; SKIP_INSTALL = "YES"; MARKETING_VERSION = "0.8.0"; CURRENT_PROJECT_VERSION = "5"; LD_RUNPATH_SEARCH_PATHS = "$(inherited) @executable_path/Frameworks"; ENABLE_PREVIEWS = "YES"; SWIFT_OPTIMIZATION_LEVEL = "-O";}; name = Release;};
8793AC50350F762026F57FB4 = {isa = XCConfigurationList; buildConfigurations = (B855F593E7E53B3F417B1A82, 9FB40F81649242ADD5A99310,); defaultConfigurationIsVisible = 0; defaultConfigurationName = Release;};
FCB48D8F88BCDB0ED9FADFD7 = {isa = XCBuildConfiguration; buildSettings = {PRODUCT_BUNDLE_IDENTIFIER = "$(APP_BUNDLE_ID).uitests"; PRODUCT_NAME = "SymptoPageUITests"; GENERATE_INFOPLIST_FILE = "YES"; TEST_TARGET_NAME = "SymptoPage"; LD_RUNPATH_SEARCH_PATHS = "$(inherited) @executable_path/Frameworks @loader_path/Frameworks"; SWIFT_OPTIMIZATION_LEVEL = "-Onone"; SWIFT_ACTIVE_COMPILATION_CONDITIONS = "DEBUG";}; name = Debug;};
942EEBBACD6C88CAE7F29B29 = {isa = XCBuildConfiguration; buildSettings = {PRODUCT_BUNDLE_IDENTIFIER = "$(APP_BUNDLE_ID).uitests"; PRODUCT_NAME = "SymptoPageUITests"; GENERATE_INFOPLIST_FILE = "YES"; TEST_TARGET_NAME = "SymptoPage"; LD_RUNPATH_SEARCH_PATHS = "$(inherited) @executable_path/Frameworks @loader_path/Frameworks"; SWIFT_OPTIMIZATION_LEVEL = "-O";}; name = Release;};
BBD1A4309DD6635F34F23AFF = {isa = XCConfigurationList; buildConfigurations = (FCB48D8F88BCDB0ED9FADFD7, 942EEBBACD6C88CAE7F29B29,); defaultConfigurationIsVisible = 0; defaultConfigurationName = Release;};
BE4A4EB02FFC4382809B45DE = {isa = PBXContainerItemProxy; containerPortal = 98F54143AB4E86B28C3AFEE0; proxyType = 1; remoteGlobalIDString = 90F5035FC0A528732056B2A6; remoteInfo = SymptoPageWatch;};
F895A9E636932414E5B79B0A = {isa = PBXTargetDependency; target = 90F5035FC0A528732056B2A6; targetProxy = BE4A4EB02FFC4382809B45DE;};
D799BAE6088A90139B415FCC = {isa = PBXContainerItemProxy; containerPortal = 98F54143AB4E86B28C3AFEE0; proxyType = 1; remoteGlobalIDString = C13732C8E715C9BEE4FA51C9; remoteInfo = SymptoPage;};
DE58E2B17C19600779694943 = {isa = PBXTargetDependency; target = C13732C8E715C9BEE4FA51C9; targetProxy = D799BAE6088A90139B415FCC;};
C13732C8E715C9BEE4FA51C9 = {isa = PBXNativeTarget; buildConfigurationList = A296CF4B7E708AB4E80076A9; buildPhases = (BCE16DD0260827ECF338C787, 7561BFB015D8F536760CB671, 0189424A5A60FED329FA868E, E4502F7D0BDD3832B56BECE5,); buildRules = (); dependencies = (F895A9E636932414E5B79B0A,); name = SymptoPage; productName = SymptoPage; productReference = 8BCD5BC4CDFDF0918087C782; productType = "com.apple.product-type.application";};
90F5035FC0A528732056B2A6 = {isa = PBXNativeTarget; buildConfigurationList = 8793AC50350F762026F57FB4; buildPhases = (E56FF68A2B36DFD3D1FBB22B, 37788811B4308D13AAA59AD3, 00624C4012D32A52F8EF3750,); buildRules = (); dependencies = (); name = SymptoPageWatch; productName = SymptoPageWatch; productReference = 614A1117CB513D376F64C89D; productType = "com.apple.product-type.application";};
64BCB755386F844C96A2A5B0 = {isa = PBXNativeTarget; buildConfigurationList = BBD1A4309DD6635F34F23AFF; buildPhases = (6E431EB0650617AA1756B320, 1ABF84E55BD30AC2CEF8FC42,); buildRules = (); dependencies = (DE58E2B17C19600779694943,); name = SymptoPageUITests; productName = SymptoPageUITests; productReference = F219C0274590DA45E4BEF1EA; productType = "com.apple.product-type.bundle.ui-testing";};
98F54143AB4E86B28C3AFEE0 = {isa = PBXProject; attributes = {LastUpgradeCheck = 1600; BuildIndependentTargetsInParallel = YES; TargetAttributes = {C13732C8E715C9BEE4FA51C9 = {CreatedOnToolsVersion = 16.0;}; 90F5035FC0A528732056B2A6 = {CreatedOnToolsVersion = 16.0;}; 64BCB755386F844C96A2A5B0 = {CreatedOnToolsVersion = 16.0; TestTargetID = C13732C8E715C9BEE4FA51C9;};};}; buildConfigurationList = 41A2CC2D5321B7BB2E956CA5; compatibilityVersion = "Xcode 14.0"; developmentRegion = en; hasScannedForEncodings = 0; knownRegions = (en, pl, Base); mainGroup = B28B7AF69320201D1CF206EB; productRefGroup = FBDC4F23F93125BBEEAE800C; projectDirPath = ""; projectRoot = ""; targets = (C13732C8E715C9BEE4FA51C9, 90F5035FC0A528732056B2A6, 64BCB755386F844C96A2A5B0,);};
}; rootObject = 98F54143AB4E86B28C3AFEE0;}
